
Microsoft Visual Studio Solution File, Format Version 12.00
# Visual Studio 2012
Project("{FAE04EC0-301F-11D3-BF4B-00C04F79EFBC}") = "UseOwinWebApi", "UseOwinWebApi\UseOwinWebApi.csproj", "{52A39F40-7160-43AE-A7F4-C44E0D40AED5}"
EndProject
Global
	GlobalSection(SolutionConfigurationPlatforms) = preSolution
		Debug|Any CPU = Debug|Any CPU
		Release|Any CPU = Release|Any CPU
	EndGlobalSection
	GlobalSection(ProjectConfigurationPlatforms) = postSolution
		{52A39F40-7160-43AE-A7F4-C44E0D40AED5}.Debug|Any CPU.ActiveCfg = Debug|Any CPU
		{52A39F40-7160-43AE-A7F4-C44E0D40AED5}.Debug|Any CPU.Build.0 = Debug|Any CPU
		{52A39F40-7160-43AE-A7F4-C44E0D40AED5}.Release|Any CPU.ActiveCfg = Release|Any CPU
		{52A39F40-7160-43AE-A7F4-C44E0D40AED5}.Release|Any CPU.Build.0 = Release|Any CPU
	EndGlobalSection
EndGlobal
